
Microsoft Visual Studio Solution File, Format Version 12.00
# Visual Studio Version 16
VisualStudioVersion = 16.0.33130.400
MinimumVisualStudioVersion = 10.0.40219.1
Project("{FAE04EC0-301F-11D3-BF4B-00C04F79EFBC}") = "ôn LTUD", "ôn LTUD\ôn LTUD.csproj", "{5B9373DC-FFE5-4D34-92A1-5155FCD9221A}"
EndProject
Global
	GlobalSection(SolutionConfigurationPlatforms) = preSolution
		Debug|Any CPU = Debug|Any CPU
		Release|Any CPU = Release|Any CPU
	EndGlobalSection
	GlobalSection(ProjectConfigurationPlatforms) = postSolution
		{5B9373DC-FFE5-4D34-92A1-5155FCD9221A}.Debug|Any CPU.ActiveCfg = Debug|Any CPU
		{5B9373DC-FFE5-4D34-92A1-5155FCD9221A}.Debug|Any CPU.Build.0 = Debug|Any CPU
		{5B9373DC-FFE5-4D34-92A1-5155FCD9221A}.Release|Any CPU.ActiveCfg = Release|Any CPU
		{5B9373DC-FFE5-4D34-92A1-5155FCD9221A}.Release|Any CPU.Build.0 = Release|Any CPU
	EndGlobalSection
	GlobalSection(SolutionProperties) = preSolution
		HideSolutionNode = FALSE
	EndGlobalSection
	GlobalSection(ExtensibilityGlobals) = postSolution
		SolutionGuid = {2F87E4FF-02AB-4CF4-BED9-1B272A51912C}
	EndGlobalSection
EndGlobal
