
Microsoft Visual Studio Solution File, Format Version 12.00
# Visual Studio Version 17
VisualStudioVersion = 17.3.32922.545
MinimumVisualStudioVersion = 10.0.40219.1
Project("{FAE04EC0-301F-11D3-BF4B-00C04F79EFBC}") = "Project_LTUD", "Project_LTUD\Project_LTUD.csproj", "{8AC5FE7E-33E3-467F-85E4-EECB0F3F8A79}"
EndProject
Global
	GlobalSection(SolutionConfigurationPlatforms) = preSolution
		Debug|Any CPU = Debug|Any CPU
		Release|Any CPU = Release|Any CPU
	EndGlobalSection
	GlobalSection(ProjectConfigurationPlatforms) = postSolution
		{8AC5FE7E-33E3-467F-85E4-EECB0F3F8A79}.Debug|Any CPU.ActiveCfg = Debug|Any CPU
		{8AC5FE7E-33E3-467F-85E4-EECB0F3F8A79}.Debug|Any CPU.Build.0 = Debug|Any CPU
		{8AC5FE7E-33E3-467F-85E4-EECB0F3F8A79}.Release|Any CPU.ActiveCfg = Release|Any CPU
		{8AC5FE7E-33E3-467F-85E4-EECB0F3F8A79}.Release|Any CPU.Build.0 = Release|Any CPU
	EndGlobalSection
	GlobalSection(SolutionProperties) = preSolution
		HideSolutionNode = FALSE
	EndGlobalSection
	GlobalSection(ExtensibilityGlobals) = postSolution
		SolutionGuid = {6E1554E8-F9BF-40DA-B23A-B379EC73B740}
	EndGlobalSection
EndGlobal
